# This file is autogenerated, do not edit; changes may be undone by the next 'dep ensure'.


[[projects]]
  branch = "master"
  name = "github.com/golang/snappy"
  packages = ["."]
  revision = "553a641470496b2327abcac10b36396bd98e45c9"

[[projects]]
  name = "github.com/nsqio/go-nsq"
  packages = ["."]
  revision = "eee57a3ac4174c55924125bb15eeeda8cffb6e6f"
  version = "v1.0.7"

<<<<<<< HEAD
[[projects]]
  name = "github.com/sony/gobreaker"
  packages = ["."]
  revision = "e9556a45379ef1da12e54847edb2fb3d7d566f36"
  version = "0.3.0"

[solve-meta]
  analyzer-name = "dep"
  analyzer-version = 1
  inputs-digest = "f809d552b399c68ffa71039413bfe74a8a2316db0cbb328e9eb4f0f64cfd7cc0"
=======
[solve-meta]
  analyzer-name = "dep"
  analyzer-version = 1
  inputs-digest = "45e1a05e449e98fc8f0a5c3f43c8202780fb331c45e02cca3494bd3d473dd84d"
>>>>>>> 6a29b52... update ci
  solver-name = "gps-cdcl"
  solver-version = 1
